// !$*UTF8*$!
{
	archiveVersion = 1;
	classes = {
	};
	objectVersion = 56;
	objects = {

/* Begin PBXBuildFile section */
		196DA78C2AFA7CD70041CD5E /* SugarApp.swift in Sources */ = {isa = PBXBuildFile; fileRef = 196DA78B2AFA7CD70041CD5E /* SugarApp.swift */; };
		196DA78E2AFA7CD70041CD5E /* DessertsViewModel.swift in Sources */ = {isa = PBXBuildFile; fileRef = 196DA78D2AFA7CD70041CD5E /* DessertsViewModel.swift */; };
		196DA7902AFA7CDA0041CD5E /* Assets.xcassets in Resources */ = {isa = PBXBuildFile; fileRef = 196DA78F2AFA7CDA0041CD5E /* Assets.xcassets */; };
		196DA7932AFA7CDA0041CD5E /* Preview Assets.xcassets in Resources */ = {isa = PBXBuildFile; fileRef = 196DA7922AFA7CDA0041CD5E /* Preview Assets.xcassets */; };
		196DA79D2AFA7CDA0041CD5E /* SugarTests.swift in Sources */ = {isa = PBXBuildFile; fileRef = 196DA79C2AFA7CDA0041CD5E /* SugarTests.swift */; };
		196DA7A72AFA7CDB0041CD5E /* SugarUITests.swift in Sources */ = {isa = PBXBuildFile; fileRef = 196DA7A62AFA7CDB0041CD5E /* SugarUITests.swift */; };
		196DA7A92AFA7CDB0041CD5E /* SugarUITestsLaunchTests.swift in Sources */ = {isa = PBXBuildFile; fileRef = 196DA7A82AFA7CDB0041CD5E /* SugarUITestsLaunchTests.swift */; };
		196DA7B72AFB1B7F0041CD5E /* Dessert.swift in Sources */ = {isa = PBXBuildFile; fileRef = 196DA7B62AFB1B7F0041CD5E /* Dessert.swift */; };
		196DA7B92AFB1B940041CD5E /* Meal.swift in Sources */ = {isa = PBXBuildFile; fileRef = 196DA7B82AFB1B940041CD5E /* Meal.swift */; };
		196DA7BB2AFB1BD10041CD5E /* MealViewModel.swift in Sources */ = {isa = PBXBuildFile; fileRef = 196DA7BA2AFB1BD10041CD5E /* MealViewModel.swift */; };
		196DA7BE2AFB1C4B0041CD5E /* Constants.swift in Sources */ = {isa = PBXBuildFile; fileRef = 196DA7BD2AFB1C4B0041CD5E /* Constants.swift */; };
		196DA7C32AFB1EE80041CD5E /* APIServiceProtocol.swift in Sources */ = {isa = PBXBuildFile; fileRef = 196DA7C22AFB1EE80041CD5E /* APIServiceProtocol.swift */; };
		196DA7C52AFB1F0A0041CD5E /* NetworkManager.swift in Sources */ = {isa = PBXBuildFile; fileRef = 196DA7C42AFB1F0A0041CD5E /* NetworkManager.swift */; };
		196DA7C72AFB1F250041CD5E /* APIService.swift in Sources */ = {isa = PBXBuildFile; fileRef = 196DA7C62AFB1F250041CD5E /* APIService.swift */; };
		196DA7C92AFB1F510041CD5E /* APIError.swift in Sources */ = {isa = PBXBuildFile; fileRef = 196DA7C82AFB1F510041CD5E /* APIError.swift */; };
		19A89ADF2AFB25FB00F852DA /* LaunchView.swift in Sources */ = {isa = PBXBuildFile; fileRef = 19A89ADE2AFB25FB00F852DA /* LaunchView.swift */; };
		19A89AE12AFB262600F852DA /* DessertsListView.swift in Sources */ = {isa = PBXBuildFile; fileRef = 19A89AE02AFB262600F852DA /* DessertsListView.swift */; };
		19A89AE32AFB265300F852DA /* DetailedItemView.swift in Sources */ = {isa = PBXBuildFile; fileRef = 19A89AE22AFB265300F852DA /* DetailedItemView.swift */; };
		19A89AE72AFB271800F852DA /* ImageView.swift in Sources */ = {isa = PBXBuildFile; fileRef = 19A89AE62AFB271800F852DA /* ImageView.swift */; };
		19A89AE92AFB272800F852DA /* ListRowView.swift in Sources */ = {isa = PBXBuildFile; fileRef = 19A89AE82AFB272800F852DA /* ListRowView.swift */; };
		19A89AEC2AFB275400F852DA /* IngredientsView.swift in Sources */ = {isa = PBXBuildFile; fileRef = 19A89AEB2AFB275400F852DA /* IngredientsView.swift */; };
		19A89AEE2AFB276F00F852DA /* InstructionsView.swift in Sources */ = {isa = PBXBuildFile; fileRef = 19A89AED2AFB276F00F852DA /* InstructionsView.swift */; };
		19A89AF02AFB279700F852DA /* BodyTextView.swift in Sources */ = {isa = PBXBuildFile; fileRef = 19A89AEF2AFB279700F852DA /* BodyTextView.swift */; };
		19A89AF22AFB27AA00F852DA /* HeaderTextView.swift in Sources */ = {isa = PBXBuildFile; fileRef = 19A89AF12AFB27AA00F852DA /* HeaderTextView.swift */; };
		19A89AF42AFB27C900F852DA /* CacheAsyncImage.swift in Sources */ = {isa = PBXBuildFile; fileRef = 19A89AF32AFB27C900F852DA /* CacheAsyncImage.swift */; };
/* End PBXBuildFile section */

/* Begin PBXContainerItemProxy section */
		196DA7992AFA7CDA0041CD5E /* PBXContainerItemProxy */ = {
			isa = PBXContainerItemProxy;
			containerPortal = 196DA7802AFA7CD70041CD5E /* Project object */;
			proxyType = 1;
			remoteGlobalIDString = 196DA7872AFA7CD70041CD5E;
			remoteInfo = Sugar;
		};
		196DA7A32AFA7CDB0041CD5E /* PBXContainerItemProxy */ = {
			isa = PBXContainerItemProxy;
			containerPortal = 196DA7802AFA7CD70041CD5E /* Project object */;
			proxyType = 1;
			remoteGlobalIDString = 196DA7872AFA7CD70041CD5E;
			remoteInfo = Sugar;
		};
/* End PBXContainerItemProxy section */

/* Begin PBXFileReference section */
		196DA7882AFA7CD70041CD5E /* Sugar.app */ = {isa = PBXFileReference; explicitFileType = wrapper.application; includeInIndex = 0; path = Sugar.app; sourceTree = BUILT_PRODUCTS_DIR; };
		196DA78B2AFA7CD70041CD5E /* SugarApp.swift */ = {isa = PBXFileReference; lastKnownFileType = sourcecode.swift; path = SugarApp.swift; sourceTree = "<group>"; };
		196DA78D2AFA7CD70041CD5E /* DessertsViewModel.swift */ = {isa = PBXFileReference; lastKnownFileType = sourcecode.swift; path = DessertsViewModel.swift; sourceTree = "<group>"; };
		196DA78F2AFA7CDA0041CD5E /* Assets.xcassets */ = {isa = PBXFileReference; lastKnownFileType = folder.assetcatalog; path = Assets.xcassets; sourceTree = "<group>"; };
		196DA7922AFA7CDA0041CD5E /* Preview Assets.xcassets */ = {isa = PBXFileReference; lastKnownFileType = folder.assetcatalog; path = "Preview Assets.xcassets"; sourceTree = "<group>"; };
		196DA7982AFA7CDA0041CD5E /* SugarTests.xctest */ = {isa = PBXFileReference; explicitFileType = wrapper.cfbundle; includeInIndex = 0; path = SugarTests.xctest; sourceTree = BUILT_PRODUCTS_DIR; };
		196DA79C2AFA7CDA0041CD5E /* SugarTests.swift */ = {isa = PBXFileReference; lastKnownFileType = sourcecode.swift; path = SugarTests.swift; sourceTree = "<group>"; };
		196DA7A22AFA7CDB0041CD5E /* SugarUITests.xctest */ = {isa = PBXFileReference; explicitFileType = wrapper.cfbundle; includeInIndex = 0; path = SugarUITests.xctest; sourceTree = BUILT_PRODUCTS_DIR; };
		196DA7A62AFA7CDB0041CD5E /* SugarUITests.swift */ = {isa = PBXFileReference; lastKnownFileType = sourcecode.swift; path = SugarUITests.swift; sourceTree = "<group>"; };
		196DA7A82AFA7CDB0041CD5E /* SugarUITestsLaunchTests.swift */ = {isa = PBXFileReference; lastKnownFileType = sourcecode.swift; path = SugarUITestsLaunchTests.swift; sourceTree = "<group>"; };
		196DA7B62AFB1B7F0041CD5E /* Dessert.swift */ = {isa = PBXFileReference; lastKnownFileType = sourcecode.swift; path = Dessert.swift; sourceTree = "<group>"; };
		196DA7B82AFB1B940041CD5E /* Meal.swift */ = {isa = PBXFileReference; lastKnownFileType = sourcecode.swift; path = Meal.swift; sourceTree = "<group>"; };
		196DA7BA2AFB1BD10041CD5E /* MealViewModel.swift */ = {isa = PBXFileReference; lastKnownFileType = sourcecode.swift; path = MealViewModel.swift; sourceTree = "<group>"; };
		196DA7BD2AFB1C4B0041CD5E /* Constants.swift */ = {isa = PBXFileReference; lastKnownFileType = sourcecode.swift; path = Constants.swift; sourceTree = "<group>"; };
		196DA7C22AFB1EE80041CD5E /* APIServiceProtocol.swift */ = {isa = PBXFileReference; lastKnownFileType = sourcecode.swift; path = APIServiceProtocol.swift; sourceTree = "<group>"; };
		196DA7C42AFB1F0A0041CD5E /* NetworkManager.swift */ = {isa = PBXFileReference; lastKnownFileType = sourcecode.swift; path = NetworkManager.swift; sourceTree = "<group>"; };
		196DA7C62AFB1F250041CD5E /* APIService.swift */ = {isa = PBXFileReference; lastKnownFileType = sourcecode.swift; path = APIService.swift; sourceTree = "<group>"; };
		196DA7C82AFB1F510041CD5E /* APIError.swift */ = {isa = PBXFileReference; lastKnownFileType = sourcecode.swift; path = APIError.swift; sourceTree = "<group>"; };
		19A89ADE2AFB25FB00F852DA /* LaunchView.swift */ = {isa = PBXFileReference; lastKnownFileType = sourcecode.swift; path = LaunchView.swift; sourceTree = "<group>"; };
		19A89AE02AFB262600F852DA /* DessertsListView.swift */ = {isa = PBXFileReference; lastKnownFileType = sourcecode.swift; path = DessertsListView.swift; sourceTree = "<group>"; };
		19A89AE22AFB265300F852DA /* DetailedItemView.swift */ = {isa = PBXFileReference; lastKnownFileType = sourcecode.swift; path = DetailedItemView.swift; sourceTree = "<group>"; };
		19A89AE62AFB271800F852DA /* ImageView.swift */ = {isa = PBXFileReference; lastKnownFileType = sourcecode.swift; path = ImageView.swift; sourceTree = "<group>"; };
		19A89AE82AFB272800F852DA /* ListRowView.swift */ = {isa = PBXFileReference; lastKnownFileType = sourcecode.swift; path = ListRowView.swift; sourceTree = "<group>"; };
		19A89AEB2AFB275400F852DA /* IngredientsView.swift */ = {isa = PBXFileReference; lastKnownFileType = sourcecode.swift; path = IngredientsView.swift; sourceTree = "<group>"; };
		19A89AED2AFB276F00F852DA /* InstructionsView.swift */ = {isa = PBXFileReference; lastKnownFileType = sourcecode.swift; path = InstructionsView.swift; sourceTree = "<group>"; };
		19A89AEF2AFB279700F852DA /* BodyTextView.swift */ = {isa = PBXFileReference; lastKnownFileType = sourcecode.swift; path = BodyTextView.swift; sourceTree = "<group>"; };
		19A89AF12AFB27AA00F852DA /* HeaderTextView.swift */ = {isa = PBXFileReference; lastKnownFileType = sourcecode.swift; path = HeaderTextView.swift; sourceTree = "<group>"; };
		19A89AF32AFB27C900F852DA /* CacheAsyncImage.swift */ = {isa = PBXFileReference; lastKnownFileType = sourcecode.swift; path = CacheAsyncImage.swift; sourceTree = "<group>"; };
/* End PBXFileReference section */

/* Begin PBXFrameworksBuildPhase section */
		196DA7852AFA7CD70041CD5E /* Frameworks */ = {
			isa = PBXFrameworksBuildPhase;
			buildActionMask = 2147483647;
			files = (
			);
			runOnlyForDeploymentPostprocessing = 0;
		};
		196DA7952AFA7CDA0041CD5E /* Frameworks */ = {
			isa = PBXFrameworksBuildPhase;
			buildActionMask = 2147483647;
			files = (
			);
			runOnlyForDeploymentPostprocessing = 0;
		};
		196DA79F2AFA7CDB0041CD5E /* Frameworks */ = {
			isa = PBXFrameworksBuildPhase;
			buildActionMask = 2147483647;
			files = (
			);
			runOnlyForDeploymentPostprocessing = 0;
		};
/* End PBXFrameworksBuildPhase section */

/* Begin PBXGroup section */
		196DA77F2AFA7CD70041CD5E = {
			isa = PBXGroup;
			children = (
				196DA78A2AFA7CD70041CD5E /* Sugar */,
				196DA79B2AFA7CDA0041CD5E /* SugarTests */,
				196DA7A52AFA7CDB0041CD5E /* SugarUITests */,
				196DA7892AFA7CD70041CD5E /* Products */,
			);
			sourceTree = "<group>";
		};
		196DA7892AFA7CD70041CD5E /* Products */ = {
			isa = PBXGroup;
			children = (
				196DA7882AFA7CD70041CD5E /* Sugar.app */,
				196DA7982AFA7CDA0041CD5E /* SugarTests.xctest */,
				196DA7A22AFA7CDB0041CD5E /* SugarUITests.xctest */,
			);
			name = Products;
			sourceTree = "<group>";
		};
		196DA78A2AFA7CD70041CD5E /* Sugar */ = {
			isa = PBXGroup;
			children = (
				196DA7C12AFB1ED20041CD5E /* Networking */,
				196DA7C02AFB1C7D0041CD5E /* Utilities */,
				196DA7BC2AFB1BF80041CD5E /* App */,
				196DA7BF2AFB1C660041CD5E /* ViewModels */,
				196DA7B52AFB1B6E0041CD5E /* Model */,
				19A89ADD2AFB25EB00F852DA /* Views */,
			);
			path = Sugar;
			sourceTree = "<group>";
		};
		196DA7912AFA7CDA0041CD5E /* Preview Content */ = {
			isa = PBXGroup;
			children = (
				196DA7922AFA7CDA0041CD5E /* Preview Assets.xcassets */,
			);
			path = "Preview Content";
			sourceTree = "<group>";
		};
		196DA79B2AFA7CDA0041CD5E /* SugarTests */ = {
			isa = PBXGroup;
			children = (
				196DA79C2AFA7CDA0041CD5E /* SugarTests.swift */,
			);
			path = SugarTests;
			sourceTree = "<group>";
		};
		196DA7A52AFA7CDB0041CD5E /* SugarUITests */ = {
			isa = PBXGroup;
			children = (
				196DA7A62AFA7CDB0041CD5E /* SugarUITests.swift */,
				196DA7A82AFA7CDB0041CD5E /* SugarUITestsLaunchTests.swift */,
			);
			path = SugarUITests;
			sourceTree = "<group>";
		};
		196DA7B52AFB1B6E0041CD5E /* Model */ = {
			isa = PBXGroup;
			children = (
				196DA7B62AFB1B7F0041CD5E /* Dessert.swift */,
				196DA7B82AFB1B940041CD5E /* Meal.swift */,
			);
			path = Model;
			sourceTree = "<group>";
		};
		196DA7BC2AFB1BF80041CD5E /* App */ = {
			isa = PBXGroup;
			children = (
				196DA78B2AFA7CD70041CD5E /* SugarApp.swift */,
				196DA78F2AFA7CDA0041CD5E /* Assets.xcassets */,
				196DA7912AFA7CDA0041CD5E /* Preview Content */,
			);
			path = App;
			sourceTree = "<group>";
		};
		196DA7BF2AFB1C660041CD5E /* ViewModels */ = {
			isa = PBXGroup;
			children = (
				196DA78D2AFA7CD70041CD5E /* DessertsViewModel.swift */,
				196DA7BA2AFB1BD10041CD5E /* MealViewModel.swift */,
			);
			path = ViewModels;
			sourceTree = "<group>";
		};
		196DA7C02AFB1C7D0041CD5E /* Utilities */ = {
			isa = PBXGroup;
			children = (
				196DA7BD2AFB1C4B0041CD5E /* Constants.swift */,
				19A89AF32AFB27C900F852DA /* CacheAsyncImage.swift */,
			);
			path = Utilities;
			sourceTree = "<group>";
		};
		196DA7C12AFB1ED20041CD5E /* Networking */ = {
			isa = PBXGroup;
			children = (
				196DA7C22AFB1EE80041CD5E /* APIServiceProtocol.swift */,
				196DA7C42AFB1F0A0041CD5E /* NetworkManager.swift */,
				196DA7C62AFB1F250041CD5E /* APIService.swift */,
				196DA7C82AFB1F510041CD5E /* APIError.swift */,
			);
			path = Networking;
			sourceTree = "<group>";
		};
		19A89ADD2AFB25EB00F852DA /* Views */ = {
			isa = PBXGroup;
			children = (
				19A89AE52AFB26F300F852DA /* CustomViews */,
				19A89AE42AFB26DB00F852DA /* Screens */,
			);
			path = Views;
			sourceTree = "<group>";
		};
		19A89AE42AFB26DB00F852DA /* Screens */ = {
			isa = PBXGroup;
			children = (
				19A89AE22AFB265300F852DA /* DetailedItemView.swift */,
				19A89AE02AFB262600F852DA /* DessertsListView.swift */,
				19A89ADE2AFB25FB00F852DA /* LaunchView.swift */,
			);
			path = Screens;
			sourceTree = "<group>";
		};
		19A89AE52AFB26F300F852DA /* CustomViews */ = {
			isa = PBXGroup;
			children = (
				19A89AE62AFB271800F852DA /* ImageView.swift */,
				19A89AE82AFB272800F852DA /* ListRowView.swift */,
				19A89AEB2AFB275400F852DA /* IngredientsView.swift */,
				19A89AEF2AFB279700F852DA /* BodyTextView.swift */,
				19A89AED2AFB276F00F852DA /* InstructionsView.swift */,
				19A89AF12AFB27AA00F852DA /* HeaderTextView.swift */,
			);
			path = CustomViews;
			sourceTree = "<group>";
		};
/* End PBXGroup section */

/* Begin PBXNativeTarget section */
		196DA7872AFA7CD70041CD5E /* Sugar */ = {
			isa = PBXNativeTarget;
			buildConfigurationList = 196DA7AC2AFA7CDB0041CD5E /* Build configuration list for PBXNativeTarget "Sugar" */;
			buildPhases = (
				196DA7842AFA7CD70041CD5E /* Sources */,
				196DA7852AFA7CD70041CD5E /* Frameworks */,
				196DA7862AFA7CD70041CD5E /* Resources */,
			);
			buildRules = (
			);
			dependencies = (
			);
			name = Sugar;
			productName = Sugar;
			productReference = 196DA7882AFA7CD70041CD5E /* Sugar.app */;
			productType = "com.apple.product-type.application";
		};
		196DA7972AFA7CDA0041CD5E /* SugarTests */ = {
			isa = PBXNativeTarget;
			buildConfigurationList = 196DA7AF2AFA7CDB0041CD5E /* Build configuration list for PBXNativeTarget "SugarTests" */;
			buildPhases = (
				196DA7942AFA7CDA0041CD5E /* Sources */,
				196DA7952AFA7CDA0041CD5E /* Frameworks */,
				196DA7962AFA7CDA0041CD5E /* Resources */,
			);
			buildRules = (
			);
			dependencies = (
				196DA79A2AFA7CDA0041CD5E /* PBXTargetDependency */,
			);
			name = SugarTests;
			productName = SugarTests;
			productReference = 196DA7982AFA7CDA0041CD5E /* SugarTests.xctest */;
			productType = "com.apple.product-type.bundle.unit-test";
		};
		196DA7A12AFA7CDB0041CD5E /* SugarUITests */ = {
			isa = PBXNativeTarget;
			buildConfigurationList = 196DA7B22AFA7CDB0041CD5E /* Build configuration list for PBXNativeTarget "SugarUITests" */;
			buildPhases = (
				196DA79E2AFA7CDB0041CD5E /* Sources */,
				196DA79F2AFA7CDB0041CD5E /* Frameworks */,
				196DA7A02AFA7CDB0041CD5E /* Resources */,
			);
			buildRules = (
			);
			dependencies = (
				196DA7A42AFA7CDB0041CD5E /* PBXTargetDependency */,
			);
			name = SugarUITests;
			productName = SugarUITests;
			productReference = 196DA7A22AFA7CDB0041CD5E /* SugarUITests.xctest */;
			productType = "com.apple.product-type.bundle.ui-testing";
		};
/* End PBXNativeTarget section */

/* Begin PBXProject section */
		196DA7802AFA7CD70041CD5E /* Project object */ = {
			isa = PBXProject;
			attributes = {
				BuildIndependentTargetsInParallel = 1;
				LastSwiftUpdateCheck = 1430;
				LastUpgradeCheck = 1430;
				TargetAttributes = {
					196DA7872AFA7CD70041CD5E = {
						CreatedOnToolsVersion = 14.3;
					};
					196DA7972AFA7CDA0041CD5E = {
						CreatedOnToolsVersion = 14.3;
						TestTargetID = 196DA7872AFA7CD70041CD5E;
					};
					196DA7A12AFA7CDB0041CD5E = {
						CreatedOnToolsVersion = 14.3;
						TestTargetID = 196DA7872AFA7CD70041CD5E;
					};
				};
			};
			buildConfigurationList = 196DA7832AFA7CD70041CD5E /* Build configuration list for PBXProject "Sugar" */;
			compatibilityVersion = "Xcode 14.0";
			developmentRegion = en;
			hasScannedForEncodings = 0;
			knownRegions = (
				en,
				Base,
			);
			mainGroup = 196DA77F2AFA7CD70041CD5E;
			productRefGroup = 196DA7892AFA7CD70041CD5E /* Products */;
			projectDirPath = "";
			projectRoot = "";
			targets = (
				196DA7872AFA7CD70041CD5E /* Sugar */,
				196DA7972AFA7CDA0041CD5E /* SugarTests */,
				196DA7A12AFA7CDB0041CD5E /* SugarUITests */,
			);
		};
/* End PBXProject section */

/* Begin PBXResourcesBuildPhase section */
		196DA7862AFA7CD70041CD5E /* Resources */ = {
			isa = PBXResourcesBuildPhase;
			buildActionMask = 2147483647;
			files = (
				196DA7932AFA7CDA0041CD5E /* Preview Assets.xcassets in Resources */,
				196DA7902AFA7CDA0041CD5E /* Assets.xcassets in Resources */,
			);
			runOnlyForDeploymentPostprocessing = 0;
		};
		196DA7962AFA7CDA0041CD5E /* Resources */ = {
			isa = PBXResourcesBuildPhase;
			buildActionMask = 2147483647;
			files = (
			);
			runOnlyForDeploymentPostprocessing = 0;
		};
		196DA7A02AFA7CDB0041CD5E /* Resources */ = {
			isa = PBXResourcesBuildPhase;
			buildActionMask = 2147483647;
			files = (
			);
			runOnlyForDeploymentPostprocessing = 0;
		};
/* End PBXResourcesBuildPhase section */

/* Begin PBXSourcesBuildPhase section */
		196DA7842AFA7CD70041CD5E /* Sources */ = {
			isa = PBXSourcesBuildPhase;
			buildActionMask = 2147483647;
			files = (
				196DA7B92AFB1B940041CD5E /* Meal.swift in Sources */,
				19A89AF42AFB27C900F852DA /* CacheAsyncImage.swift in Sources */,
				19A89ADF2AFB25FB00F852DA /* LaunchView.swift in Sources */,
				19A89AE92AFB272800F852DA /* ListRowView.swift in Sources */,
				19A89AF22AFB27AA00F852DA /* HeaderTextView.swift in Sources */,
				196DA7C32AFB1EE80041CD5E /* APIServiceProtocol.swift in Sources */,
				19A89AE32AFB265300F852DA /* DetailedItemView.swift in Sources */,
				196DA78E2AFA7CD70041CD5E /* DessertsViewModel.swift in Sources */,
				196DA7C92AFB1F510041CD5E /* APIError.swift in Sources */,
				19A89AEC2AFB275400F852DA /* IngredientsView.swift in Sources */,
				196DA7B72AFB1B7F0041CD5E /* Dessert.swift in Sources */,
				19A89AEE2AFB276F00F852DA /* InstructionsView.swift in Sources */,
				196DA7C52AFB1F0A0041CD5E /* NetworkManager.swift in Sources */,
				19A89AF02AFB279700F852DA /* BodyTextView.swift in Sources */,
				196DA7BB2AFB1BD10041CD5E /* MealViewModel.swift in Sources */,
				196DA78C2AFA7CD70041CD5E /* SugarApp.swift in Sources */,
				19A89AE12AFB262600F852DA /* DessertsListView.swift in Sources */,
				196DA7C72AFB1F250041CD5E /* APIService.swift in Sources */,
				19A89AE72AFB271800F852DA /* ImageView.swift in Sources */,
				196DA7BE2AFB1C4B0041CD5E /* Constants.swift in Sources */,
			);
			runOnlyForDeploymentPostprocessing = 0;
		};
		196DA7942AFA7CDA0041CD5E /* Sources */ = {
			isa = PBXSourcesBuildPhase;
			buildActionMask = 2147483647;
			files = (
				196DA79D2AFA7CDA0041CD5E /* SugarTests.swift in Sources */,
			);
			runOnlyForDeploymentPostprocessing = 0;
		};
		196DA79E2AFA7CDB0041CD5E /* Sources */ = {
			isa = PBXSourcesBuildPhase;
			buildActionMask = 2147483647;
			files = (
				196DA7A72AFA7CDB0041CD5E /* SugarUITests.swift in Sources */,
				196DA7A92AFA7CDB0041CD5E /* SugarUITestsLaunchTests.swift in Sources */,
			);
			runOnlyForDeploymentPostprocessing = 0;
		};
/* End PBXSourcesBuildPhase section */

/* Begin PBXTargetDependency section */
		196DA79A2AFA7CDA0041CD5E /* PBXTargetDependency */ = {
			isa = PBXTargetDependency;
			target = 196DA7872AFA7CD70041CD5E /* Sugar */;
			targetProxy = 196DA7992AFA7CDA0041CD5E /* PBXContainerItemProxy */;
		};
		196DA7A42AFA7CDB0041CD5E /* PBXTargetDependency */ = {
			isa = PBXTargetDependency;
			target = 196DA7872AFA7CD70041CD5E /* Sugar */;
			targetProxy = 196DA7A32AFA7CDB0041CD5E /* PBXContainerItemProxy */;
		};
/* End PBXTargetDependency section */

/* Begin XCBuildConfiguration section */
		196DA7AA2AFA7CDB0041CD5E /* Debug */ = {
			isa = XCBuildConfiguration;
			buildSettings = {
				ALWAYS_SEARCH_USER_PATHS = NO;
				CLANG_ANALYZER_NONNULL = YES;
				CLANG_ANALYZER_NUMBER_OBJECT_CONVERSION = YES_AGGRESSIVE;
				CLANG_CXX_LANGUAGE_STANDARD = "gnu++20";
				CLANG_ENABLE_MODULES = YES;
				CLANG_ENABLE_OBJC_ARC = YES;
				CLANG_ENABLE_OBJC_WEAK = YES;
				CLANG_WARN_BLOCK_CAPTURE_AUTORELEASING = YES;
				CLANG_WARN_BOOL_CONVERSION = YES;
				CLANG_WARN_COMMA = YES;
				CLANG_WARN_CONSTANT_CONVERSION = YES;
				CLANG_WARN_DEPRECATED_OBJC_IMPLEMENTATIONS = YES;
				CLANG_WARN_DIRECT_OBJC_ISA_USAGE = YES_ERROR;
				CLANG_WARN_DOCUMENTATION_COMMENTS = YES;
				CLANG_WARN_EMPTY_BODY = YES;
				CLANG_WARN_ENUM_CONVERSION = YES;
				CLANG_WARN_INFINITE_RECURSION = YES;
				CLANG_WARN_INT_CONVERSION = YES;
				CLANG_WARN_NON_LITERAL_NULL_CONVERSION = YES;
				CLANG_WARN_OBJC_IMPLICIT_RETAIN_SELF = YES;
				CLANG_WARN_OBJC_LITERAL_CONVERSION = YES;
				CLANG_WARN_OBJC_ROOT_CLASS = YES_ERROR;
				CLANG_WARN_QUOTED_INCLUDE_IN_FRAMEWORK_HEADER = YES;
				CLANG_WARN_RANGE_LOOP_ANALYSIS = YES;
				CLANG_WARN_STRICT_PROTOTYPES = YES;
				CLANG_WARN_SUSPICIOUS_MOVE = YES;
				CLANG_WARN_UNGUARDED_AVAILABILITY = YES_AGGRESSIVE;
				CLANG_WARN_UNREACHABLE_CODE = YES;
				CLANG_WARN__DUPLICATE_METHOD_MATCH = YES;
				COPY_PHASE_STRIP = NO;
				DEBUG_INFORMATION_FORMAT = dwarf;
				ENABLE_STRICT_OBJC_MSGSEND = YES;
				ENABLE_TESTABILITY = YES;
				GCC_C_LANGUAGE_STANDARD = gnu11;
				GCC_DYNAMIC_NO_PIC = NO;
				GCC_NO_COMMON_BLOCKS = YES;
				GCC_OPTIMIZATION_LEVEL = 0;
				GCC_PREPROCESSOR_DEFINITIONS = (
					"DEBUG=1",
					"$(inherited)",
				);
				GCC_WARN_64_TO_32_BIT_CONVERSION = YES;
				GCC_WARN_ABOUT_RETURN_TYPE = YES_ERROR;
				GCC_WARN_UNDECLARED_SELECTOR = YES;
				GCC_WARN_UNINITIALIZED_AUTOS = YES_AGGRESSIVE;
				GCC_WARN_UNUSED_FUNCTION = YES;
				GCC_WARN_UNUSED_VARIABLE = YES;
				IPHONEOS_DEPLOYMENT_TARGET = 16.4;
				MTL_ENABLE_DEBUG_INFO = INCLUDE_SOURCE;
				MTL_FAST_MATH = YES;
				ONLY_ACTIVE_ARCH = YES;
				SDKROOT = iphoneos;
				SWIFT_ACTIVE_COMPILATION_CONDITIONS = DEBUG;
				SWIFT_OPTIMIZATION_LEVEL = "-Onone";
			};
			name = Debug;
		};
		196DA7AB2AFA7CDB0041CD5E /* Release */ = {
			isa = XCBuildConfiguration;
			buildSettings = {
				ALWAYS_SEARCH_USER_PATHS = NO;
				CLANG_ANALYZER_NONNULL = YES;
				CLANG_ANALYZER_NUMBER_OBJECT_CONVERSION = YES_AGGRESSIVE;
				CLANG_CXX_LANGUAGE_STANDARD = "gnu++20";
				CLANG_ENABLE_MODULES = YES;
				CLANG_ENABLE_OBJC_ARC = YES;
				CLANG_ENABLE_OBJC_WEAK = YES;
				CLANG_WARN_BLOCK_CAPTURE_AUTORELEASING = YES;
				CLANG_WARN_BOOL_CONVERSION = YES;
				CLANG_WARN_COMMA = YES;
				CLANG_WARN_CONSTANT_CONVERSION = YES;
				CLANG_WARN_DEPRECATED_OBJC_IMPLEMENTATIONS = YES;
				CLANG_WARN_DIRECT_OBJC_ISA_USAGE = YES_ERROR;
				CLANG_WARN_DOCUMENTATION_COMMENTS = YES;
				CLANG_WARN_EMPTY_BODY = YES;
				CLANG_WARN_ENUM_CONVERSION = YES;
				CLANG_WARN_INFINITE_RECURSION = YES;
				CLANG_WARN_INT_CONVERSION = YES;
				CLANG_WARN_NON_LITERAL_NULL_CONVERSION = YES;
				CLANG_WARN_OBJC_IMPLICIT_RETAIN_SELF = YES;
				CLANG_WARN_OBJC_LITERAL_CONVERSION = YES;
				CLANG_WARN_OBJC_ROOT_CLASS = YES_ERROR;
				CLANG_WARN_QUOTED_INCLUDE_IN_FRAMEWORK_HEADER = YES;
				CLANG_WARN_RANGE_LOOP_ANALYSIS = YES;
				CLANG_WARN_STRICT_PROTOTYPES = YES;
				CLANG_WARN_SUSPICIOUS_MOVE = YES;
				CLANG_WARN_UNGUARDED_AVAILABILITY = YES_AGGRESSIVE;
				CLANG_WARN_UNREACHABLE_CODE = YES;
				CLANG_WARN__DUPLICATE_METHOD_MATCH = YES;
				COPY_PHASE_STRIP = NO;
				DEBUG_INFORMATION_FORMAT = "dwarf-with-dsym";
				ENABLE_NS_ASSERTIONS = NO;
				ENABLE_STRICT_OBJC_MSGSEND = YES;
				GCC_C_LANGUAGE_STANDARD = gnu11;
				GCC_NO_COMMON_BLOCKS = YES;
				GCC_WARN_64_TO_32_BIT_CONVERSION = YES;
				GCC_WARN_ABOUT_RETURN_TYPE = YES_ERROR;
				GCC_WARN_UNDECLARED_SELECTOR = YES;
				GCC_WARN_UNINITIALIZED_AUTOS = YES_AGGRESSIVE;
				GCC_WARN_UNUSED_FUNCTION = YES;
				GCC_WARN_UNUSED_VARIABLE = YES;
				IPHONEOS_DEPLOYMENT_TARGET = 16.4;
				MTL_ENABLE_DEBUG_INFO = NO;
				MTL_FAST_MATH = YES;
				SDKROOT = iphoneos;
				SWIFT_COMPILATION_MODE = wholemodule;
				SWIFT_OPTIMIZATION_LEVEL = "-O";
				VALIDATE_PRODUCT = YES;
			};
			name = Release;
		};
		196DA7AD2AFA7CDB0041CD5E /* Debug */ = {
			isa = XCBuildConfiguration;
			buildSettings = {
				ASSETCATALOG_COMPILER_APPICON_NAME = AppIcon;
				ASSETCATALOG_COMPILER_GLOBAL_ACCENT_COLOR_NAME = AccentColor;
				CODE_SIGN_STYLE = Automatic;
				CURRENT_PROJECT_VERSION = 1;
				DEVELOPMENT_ASSET_PATHS = "\"Sugar/App/Preview Content\"";
				DEVELOPMENT_TEAM = Q75836UFYY;
				ENABLE_PREVIEWS = YES;
				GENERATE_INFOPLIST_FILE = YES;
				INFOPLIST_KEY_UIApplicationSceneManifest_Generation = YES;
				INFOPLIST_KEY_UIApplicationSupportsIndirectInputEvents = YES;
				INFOPLIST_KEY_UILaunchScreen_Generation = YES;
				INFOPLIST_KEY_UISupportedInterfaceOrientations = UIInterfaceOrientationPortrait;
				LD_RUNPATH_SEARCH_PATHS = (
					"$(inherited)",
					"@executable_path/Frameworks",
				);
				MARKETING_VERSION = 1.0;
				PRODUCT_BUNDLE_IDENTIFIER = co.bd.Sugar;
				PRODUCT_NAME = "$(TARGET_NAME)";
				SWIFT_EMIT_LOC_STRINGS = YES;
				SWIFT_VERSION = 5.0;
				TARGETED_DEVICE_FAMILY = 1;
			};
			name = Debug;
		};
		196DA7AE2AFA7CDB0041CD5E /* Release */ = {
			isa = XCBuildConfiguration;
			buildSettings = {
				ASSETCATALOG_COMPILER_APPICON_NAME = AppIcon;
				ASSETCATALOG_COMPILER_GLOBAL_ACCENT_COLOR_NAME = AccentColor;
				CODE_SIGN_STYLE = Automatic;
				CURRENT_PROJECT_VERSION = 1;
				DEVELOPMENT_ASSET_PATHS = "\"Sugar/App/Preview Content\"";
				DEVELOPMENT_TEAM = Q75836UFYY;
				ENABLE_PREVIEWS = YES;
				GENERATE_INFOPLIST_FILE = YES;
				INFOPLIST_KEY_UIApplicationSceneManifest_Generation = YES;
				INFOPLIST_KEY_UIApplicationSupportsIndirectInputEvents = YES;
				INFOPLIST_KEY_UILaunchScreen_Generation = YES;
				INFOPLIST_KEY_UISupportedInterfaceOrientations = UIInterfaceOrientationPortrait;
				LD_RUNPATH_SEARCH_PATHS = (
					"$(inherited)",
					"@executable_path/Frameworks",
				);
				MARKETING_VERSION = 1.0;
				PRODUCT_BUNDLE_IDENTIFIER = co.bd.Sugar;
				PRODUCT_NAME = "$(TARGET_NAME)";
				SWIFT_EMIT_LOC_STRINGS = YES;
				SWIFT_VERSION = 5.0;
				TARGETED_DEVICE_FAMILY = 1;
			};
			name = Release;
		};
		196DA7B02AFA7CDB0041CD5E /* Debug */ = {
			isa = XCBuildConfiguration;
			buildSettings = {
				ALWAYS_EMBED_SWIFT_STANDARD_LIBRARIES = YES;
				BUNDLE_LOADER = "$(TEST_HOST)";
				CODE_SIGN_STYLE = Automatic;
				CURRENT_PROJECT_VERSION = 1;
				DEVELOPMENT_TEAM = Q75836UFYY;
				GENERATE_INFOPLIST_FILE = YES;
				IPHONEOS_DEPLOYMENT_TARGET = 16.4;
				MARKETING_VERSION = 1.0;
				PRODUCT_BUNDLE_IDENTIFIER = co.bd.SugarTests;
				PRODUCT_NAME = "$(TARGET_NAME)";
				SWIFT_EMIT_LOC_STRINGS = NO;
				SWIFT_VERSION = 5.0;
				TARGETED_DEVICE_FAMILY = "1,2";
				TEST_HOST = "$(BUILT_PRODUCTS_DIR)/Sugar.app/$(BUNDLE_EXECUTABLE_FOLDER_PATH)/Sugar";
			};
			name = Debug;
		};
		196DA7B12AFA7CDB0041CD5E /* Release */ = {
			isa = XCBuildConfiguration;
			buildSettings = {
				ALWAYS_EMBED_SWIFT_STANDARD_LIBRARIES = YES;
				BUNDLE_LOADER = "$(TEST_HOST)";
				CODE_SIGN_STYLE = Automatic;
				CURRENT_PROJECT_VERSION = 1;
				DEVELOPMENT_TEAM = Q75836UFYY;
				GENERATE_INFOPLIST_FILE = YES;
				IPHONEOS_DEPLOYMENT_TARGET = 16.4;
				MARKETING_VERSION = 1.0;
				PRODUCT_BUNDLE_IDENTIFIER = co.bd.SugarTests;
				PRODUCT_NAME = "$(TARGET_NAME)";
				SWIFT_EMIT_LOC_STRINGS = NO;
				SWIFT_VERSION = 5.0;
				TARGETED_DEVICE_FAMILY = "1,2";
				TEST_HOST = "$(BUILT_PRODUCTS_DIR)/Sugar.app/$(BUNDLE_EXECUTABLE_FOLDER_PATH)/Sugar";
			};
			name = Release;
		};
		196DA7B32AFA7CDB0041CD5E /* Debug */ = {
			isa = XCBuildConfiguration;
			buildSettings = {
				ALWAYS_EMBED_SWIFT_STANDARD_LIBRARIES = YES;
				CODE_SIGN_STYLE = Automatic;
				CURRENT_PROJECT_VERSION = 1;
				DEVELOPMENT_TEAM = Q75836UFYY;
				GENERATE_INFOPLIST_FILE = YES;
				MARKETING_VERSION = 1.0;
				PRODUCT_BUNDLE_IDENTIFIER = co.bd.SugarUITests;
				PRODUCT_NAME = "$(TARGET_NAME)";
				SWIFT_EMIT_LOC_STRINGS = NO;
				SWIFT_VERSION = 5.0;
				TARGETED_DEVICE_FAMILY = "1,2";
				TEST_TARGET_NAME = Sugar;
			};
			name = Debug;
		};
		196DA7B42AFA7CDB0041CD5E /* Release */ = {
			isa = XCBuildConfiguration;
			buildSettings = {
				ALWAYS_EMBED_SWIFT_STANDARD_LIBRARIES = YES;
				CODE_SIGN_STYLE = Automatic;
				CURRENT_PROJECT_VERSION = 1;
				DEVELOPMENT_TEAM = Q75836UFYY;
				GENERATE_INFOPLIST_FILE = YES;
				MARKETING_VERSION = 1.0;
				PRODUCT_BUNDLE_IDENTIFIER = co.bd.SugarUITests;
				PRODUCT_NAME = "$(TARGET_NAME)";
				SWIFT_EMIT_LOC_STRINGS = NO;
				SWIFT_VERSION = 5.0;
				TARGETED_DEVICE_FAMILY = "1,2";
				TEST_TARGET_NAME = Sugar;
			};
			name = Release;
		};
/* End XCBuildConfiguration section */

/* Begin XCConfigurationList section */
		196DA7832AFA7CD70041CD5E /* Build configuration list for PBXProject "Sugar" */ = {
			isa = XCConfigurationList;
			buildConfigurations = (
				196DA7AA2AFA7CDB0041CD5E /* Debug */,
				196DA7AB2AFA7CDB0041CD5E /* Release */,
			);
			defaultConfigurationIsVisible = 0;
			defaultConfigurationName = Release;
		};
		196DA7AC2AFA7CDB0041CD5E /* Build configuration list for PBXNativeTarget "Sugar" */ = {
			isa = XCConfigurationList;
			buildConfigurations = (
				196DA7AD2AFA7CDB0041CD5E /* Debug */,
				196DA7AE2AFA7CDB0041CD5E /* Release */,
			);
			defaultConfigurationIsVisible = 0;
			defaultConfigurationName = Release;
		};
		196DA7AF2AFA7CDB0041CD5E /* Build configuration list for PBXNativeTarget "SugarTests" */ = {
			isa = XCConfigurationList;
			buildConfigurations = (
				196DA7B02AFA7CDB0041CD5E /* Debug */,
				196DA7B12AFA7CDB0041CD5E /* Release */,
			);
			defaultConfigurationIsVisible = 0;
			defaultConfigurationName = Release;
		};
		196DA7B22AFA7CDB0041CD5E /* Build configuration list for PBXNativeTarget "SugarUITests" */ = {
			isa = XCConfigurationList;
			buildConfigurations = (
				196DA7B32AFA7CDB0041CD5E /* Debug */,
				196DA7B42AFA7CDB0041CD5E /* Release */,
			);
			defaultConfigurationIsVisible = 0;
			defaultConfigurationName = Release;
		};
/* End XCConfigurationList section */
	};
	rootObject = 196DA7802AFA7CD70041CD5E /* Project object */;
}
