// !$*UTF8*$!
{
	archiveVersion = 1;
	classes = {
	};
	objectVersion = 56;
	objects = {

/* Begin PBXBuildFile section */
		19E950882C1B5C0400410279 /* SugarApp.swift in Sources */ = {isa = PBXBuildFile; fileRef = 19E950872C1B5C0400410279 /* SugarApp.swift */; };
		19E9508A2C1B5C0400410279 /* DessertsListView.swift in Sources */ = {isa = PBXBuildFile; fileRef = 19E950892C1B5C0400410279 /* DessertsListView.swift */; };
		19E9508C2C1B5C0600410279 /* Assets.xcassets in Resources */ = {isa = PBXBuildFile; fileRef = 19E9508B2C1B5C0600410279 /* Assets.xcassets */; };
		19E9508F2C1B5C0600410279 /* Preview Assets.xcassets in Resources */ = {isa = PBXBuildFile; fileRef = 19E9508E2C1B5C0600410279 /* Preview Assets.xcassets */; };
		19E950992C1B5C0700410279 /* DessertsUnitTest.swift in Sources */ = {isa = PBXBuildFile; fileRef = 19E950982C1B5C0700410279 /* DessertsUnitTest.swift */; };
		19E950A32C1B5C0700410279 /* SugarUITests.swift in Sources */ = {isa = PBXBuildFile; fileRef = 19E950A22C1B5C0700410279 /* SugarUITests.swift */; };
		19E950B32C1B5C6200410279 /* Dessert.swift in Sources */ = {isa = PBXBuildFile; fileRef = 19E950B22C1B5C6200410279 /* Dessert.swift */; };
		19E950B52C1B5CAE00410279 /* Meal.swift in Sources */ = {isa = PBXBuildFile; fileRef = 19E950B42C1B5CAE00410279 /* Meal.swift */; };
		19E950B82C1B5D8600410279 /* APIService.swift in Sources */ = {isa = PBXBuildFile; fileRef = 19E950B72C1B5D8600410279 /* APIService.swift */; };
		19E950BB2C1B602600410279 /* APIError.swift in Sources */ = {isa = PBXBuildFile; fileRef = 19E950BA2C1B602600410279 /* APIError.swift */; };
		19E950BD2C1B605A00410279 /* DessertsViewModel.swift in Sources */ = {isa = PBXBuildFile; fileRef = 19E950BC2C1B605A00410279 /* DessertsViewModel.swift */; };
		19E950C02C1B615300410279 /* Contants.swift in Sources */ = {isa = PBXBuildFile; fileRef = 19E950BF2C1B615300410279 /* Contants.swift */; };
		19E950C22C1B61FA00410279 /* MealViewModel.swift in Sources */ = {isa = PBXBuildFile; fileRef = 19E950C12C1B61FA00410279 /* MealViewModel.swift */; };
		19E950C52C1B69E400410279 /* ListCellView.swift in Sources */ = {isa = PBXBuildFile; fileRef = 19E950C42C1B69E400410279 /* ListCellView.swift */; };
		19E950C92C1B6D2900410279 /* HeaderTextView.swift in Sources */ = {isa = PBXBuildFile; fileRef = 19E950C82C1B6D2900410279 /* HeaderTextView.swift */; };
		19E950CB2C1B9C4F00410279 /* TabViews.swift in Sources */ = {isa = PBXBuildFile; fileRef = 19E950CA2C1B9C4F00410279 /* TabViews.swift */; };
		19E950CD2C1B9C7700410279 /* FavoriteView.swift in Sources */ = {isa = PBXBuildFile; fileRef = 19E950CC2C1B9C7700410279 /* FavoriteView.swift */; };
		19E950CF2C1B9C9600410279 /* FavoriteViewModel.swift in Sources */ = {isa = PBXBuildFile; fileRef = 19E950CE2C1B9C9600410279 /* FavoriteViewModel.swift */; };
		19E950D12C1B9CDA00410279 /* DetailedItemView.swift in Sources */ = {isa = PBXBuildFile; fileRef = 19E950D02C1B9CDA00410279 /* DetailedItemView.swift */; };
		19E950D32C1B9D0C00410279 /* InstructionsView.swift in Sources */ = {isa = PBXBuildFile; fileRef = 19E950D22C1B9D0C00410279 /* InstructionsView.swift */; };
		19E950D52C1B9D2C00410279 /* IngredientsView.swift in Sources */ = {isa = PBXBuildFile; fileRef = 19E950D42C1B9D2C00410279 /* IngredientsView.swift */; };
		19E950D72C1B9D5400410279 /* BodyTextView.swift in Sources */ = {isa = PBXBuildFile; fileRef = 19E950D62C1B9D5400410279 /* BodyTextView.swift */; };
		19E950D92C1B9D9A00410279 /* LaunchView.swift in Sources */ = {isa = PBXBuildFile; fileRef = 19E950D82C1B9D9A00410279 /* LaunchView.swift */; };
		19E950DC2C1BA51500410279 /* JSONMapper.swift in Sources */ = {isa = PBXBuildFile; fileRef = 19E950DB2C1BA51500410279 /* JSONMapper.swift */; };
		19E950DE2C1BA5A100410279 /* APIError.swift in Sources */ = {isa = PBXBuildFile; fileRef = 19E950BA2C1B602600410279 /* APIError.swift */; };
		19E950E32C1BAA4000410279 /* FavoriteUnitTest.swift in Sources */ = {isa = PBXBuildFile; fileRef = 19E950E22C1BAA4000410279 /* FavoriteUnitTest.swift */; };
		19E950E62C1BAB5900410279 /* desserts_invalid_response.json in Resources */ = {isa = PBXBuildFile; fileRef = 19E950DF2C1BA9C700410279 /* desserts_invalid_response.json */; };
		19E950E72C1BAB5D00410279 /* desserts_valid_response.json in Resources */ = {isa = PBXBuildFile; fileRef = 19E950E02C1BA9F400410279 /* desserts_valid_response.json */; };
		19E950E82C1BAB7200410279 /* desserts_invalid_response.json in Resources */ = {isa = PBXBuildFile; fileRef = 19E950DF2C1BA9C700410279 /* desserts_invalid_response.json */; };
		19E950E92C1BAB7500410279 /* desserts_valid_response.json in Resources */ = {isa = PBXBuildFile; fileRef = 19E950E02C1BA9F400410279 /* desserts_valid_response.json */; };
/* End PBXBuildFile section */

/* Begin PBXContainerItemProxy section */
		19E950952C1B5C0700410279 /* PBXContainerItemProxy */ = {
			isa = PBXContainerItemProxy;
			containerPortal = 19E9507C2C1B5C0400410279 /* Project object */;
			proxyType = 1;
			remoteGlobalIDString = 19E950832C1B5C0400410279;
			remoteInfo = Sugar;
		};
		19E9509F2C1B5C0700410279 /* PBXContainerItemProxy */ = {
			isa = PBXContainerItemProxy;
			containerPortal = 19E9507C2C1B5C0400410279 /* Project object */;
			proxyType = 1;
			remoteGlobalIDString = 19E950832C1B5C0400410279;
			remoteInfo = Sugar;
		};
/* End PBXContainerItemProxy section */

/* Begin PBXFileReference section */
		19E950842C1B5C0400410279 /* Sugar.app */ = {isa = PBXFileReference; explicitFileType = wrapper.application; includeInIndex = 0; path = Sugar.app; sourceTree = BUILT_PRODUCTS_DIR; };
		19E950872C1B5C0400410279 /* SugarApp.swift */ = {isa = PBXFileReference; lastKnownFileType = sourcecode.swift; path = SugarApp.swift; sourceTree = "<group>"; };
		19E950892C1B5C0400410279 /* DessertsListView.swift */ = {isa = PBXFileReference; lastKnownFileType = sourcecode.swift; path = DessertsListView.swift; sourceTree = "<group>"; };
		19E9508B2C1B5C0600410279 /* Assets.xcassets */ = {isa = PBXFileReference; lastKnownFileType = folder.assetcatalog; path = Assets.xcassets; sourceTree = "<group>"; };
		19E9508E2C1B5C0600410279 /* Preview Assets.xcassets */ = {isa = PBXFileReference; lastKnownFileType = folder.assetcatalog; path = "Preview Assets.xcassets"; sourceTree = "<group>"; };
		19E950942C1B5C0700410279 /* SugarTests.xctest */ = {isa = PBXFileReference; explicitFileType = wrapper.cfbundle; includeInIndex = 0; path = SugarTests.xctest; sourceTree = BUILT_PRODUCTS_DIR; };
		19E950982C1B5C0700410279 /* DessertsUnitTest.swift */ = {isa = PBXFileReference; lastKnownFileType = sourcecode.swift; path = DessertsUnitTest.swift; sourceTree = "<group>"; };
		19E9509E2C1B5C0700410279 /* SugarUITests.xctest */ = {isa = PBXFileReference; explicitFileType = wrapper.cfbundle; includeInIndex = 0; path = SugarUITests.xctest; sourceTree = BUILT_PRODUCTS_DIR; };
		19E950A22C1B5C0700410279 /* SugarUITests.swift */ = {isa = PBXFileReference; lastKnownFileType = sourcecode.swift; path = SugarUITests.swift; sourceTree = "<group>"; };
		19E950B22C1B5C6200410279 /* Dessert.swift */ = {isa = PBXFileReference; lastKnownFileType = sourcecode.swift; path = Dessert.swift; sourceTree = "<group>"; };
		19E950B42C1B5CAE00410279 /* Meal.swift */ = {isa = PBXFileReference; lastKnownFileType = sourcecode.swift; path = Meal.swift; sourceTree = "<group>"; };
		19E950B72C1B5D8600410279 /* APIService.swift */ = {isa = PBXFileReference; lastKnownFileType = sourcecode.swift; path = APIService.swift; sourceTree = "<group>"; };
		19E950BA2C1B602600410279 /* APIError.swift */ = {isa = PBXFileReference; lastKnownFileType = sourcecode.swift; path = APIError.swift; sourceTree = "<group>"; };
		19E950BC2C1B605A00410279 /* DessertsViewModel.swift */ = {isa = PBXFileReference; lastKnownFileType = sourcecode.swift; path = DessertsViewModel.swift; sourceTree = "<group>"; };
		19E950BF2C1B615300410279 /* Contants.swift */ = {isa = PBXFileReference; lastKnownFileType = sourcecode.swift; path = Contants.swift; sourceTree = "<group>"; };
		19E950C12C1B61FA00410279 /* MealViewModel.swift */ = {isa = PBXFileReference; lastKnownFileType = sourcecode.swift; path = MealViewModel.swift; sourceTree = "<group>"; };
		19E950C42C1B69E400410279 /* ListCellView.swift */ = {isa = PBXFileReference; lastKnownFileType = sourcecode.swift; path = ListCellView.swift; sourceTree = "<group>"; };
		19E950C82C1B6D2900410279 /* HeaderTextView.swift */ = {isa = PBXFileReference; lastKnownFileType = sourcecode.swift; path = HeaderTextView.swift; sourceTree = "<group>"; };
		19E950CA2C1B9C4F00410279 /* TabViews.swift */ = {isa = PBXFileReference; lastKnownFileType = sourcecode.swift; path = TabViews.swift; sourceTree = "<group>"; };
		19E950CC2C1B9C7700410279 /* FavoriteView.swift */ = {isa = PBXFileReference; lastKnownFileType = sourcecode.swift; path = FavoriteView.swift; sourceTree = "<group>"; };
		19E950CE2C1B9C9600410279 /* FavoriteViewModel.swift */ = {isa = PBXFileReference; lastKnownFileType = sourcecode.swift; path = FavoriteViewModel.swift; sourceTree = "<group>"; };
		19E950D02C1B9CDA00410279 /* DetailedItemView.swift */ = {isa = PBXFileReference; lastKnownFileType = sourcecode.swift; path = DetailedItemView.swift; sourceTree = "<group>"; };
		19E950D22C1B9D0C00410279 /* InstructionsView.swift */ = {isa = PBXFileReference; lastKnownFileType = sourcecode.swift; path = InstructionsView.swift; sourceTree = "<group>"; };
		19E950D42C1B9D2C00410279 /* IngredientsView.swift */ = {isa = PBXFileReference; lastKnownFileType = sourcecode.swift; path = IngredientsView.swift; sourceTree = "<group>"; };
		19E950D62C1B9D5400410279 /* BodyTextView.swift */ = {isa = PBXFileReference; lastKnownFileType = sourcecode.swift; path = BodyTextView.swift; sourceTree = "<group>"; };
		19E950D82C1B9D9A00410279 /* LaunchView.swift */ = {isa = PBXFileReference; lastKnownFileType = sourcecode.swift; path = LaunchView.swift; sourceTree = "<group>"; };
		19E950DB2C1BA51500410279 /* JSONMapper.swift */ = {isa = PBXFileReference; lastKnownFileType = sourcecode.swift; path = JSONMapper.swift; sourceTree = "<group>"; };
		19E950DF2C1BA9C700410279 /* desserts_invalid_response.json */ = {isa = PBXFileReference; lastKnownFileType = text.json; path = desserts_invalid_response.json; sourceTree = "<group>"; };
		19E950E02C1BA9F400410279 /* desserts_valid_response.json */ = {isa = PBXFileReference; lastKnownFileType = text.json; path = desserts_valid_response.json; sourceTree = "<group>"; };
		19E950E22C1BAA4000410279 /* FavoriteUnitTest.swift */ = {isa = PBXFileReference; lastKnownFileType = sourcecode.swift; path = FavoriteUnitTest.swift; sourceTree = "<group>"; };
/* End PBXFileReference section */

/* Begin PBXFrameworksBuildPhase section */
		19E950812C1B5C0400410279 /* Frameworks */ = {
			isa = PBXFrameworksBuildPhase;
			buildActionMask = 2147483647;
			files = (
			);
			runOnlyForDeploymentPostprocessing = 0;
		};
		19E950912C1B5C0700410279 /* Frameworks */ = {
			isa = PBXFrameworksBuildPhase;
			buildActionMask = 2147483647;
			files = (
			);
			runOnlyForDeploymentPostprocessing = 0;
		};
		19E9509B2C1B5C0700410279 /* Frameworks */ = {
			isa = PBXFrameworksBuildPhase;
			buildActionMask = 2147483647;
			files = (
			);
			runOnlyForDeploymentPostprocessing = 0;
		};
/* End PBXFrameworksBuildPhase section */

/* Begin PBXGroup section */
		19E9507B2C1B5C0400410279 = {
			isa = PBXGroup;
			children = (
				19E950862C1B5C0400410279 /* Sugar */,
				19E950972C1B5C0700410279 /* SugarTests */,
				19E950A12C1B5C0700410279 /* SugarUITests */,
				19E950852C1B5C0400410279 /* Products */,
			);
			sourceTree = "<group>";
		};
		19E950852C1B5C0400410279 /* Products */ = {
			isa = PBXGroup;
			children = (
				19E950842C1B5C0400410279 /* Sugar.app */,
				19E950942C1B5C0700410279 /* SugarTests.xctest */,
				19E9509E2C1B5C0700410279 /* SugarUITests.xctest */,
			);
			name = Products;
			sourceTree = "<group>";
		};
		19E950862C1B5C0400410279 /* Sugar */ = {
			isa = PBXGroup;
			children = (
				19E950872C1B5C0400410279 /* SugarApp.swift */,
				19E950BE2C1B613D00410279 /* Utilities */,
				19E950B12C1B5C5400410279 /* Model */,
				19E950B62C1B5D7200410279 /* ViewModel */,
				19E950C32C1B69B400410279 /* Views */,
				19E9508B2C1B5C0600410279 /* Assets.xcassets */,
				19E9508D2C1B5C0600410279 /* Preview Content */,
			);
			path = Sugar;
			sourceTree = "<group>";
		};
		19E9508D2C1B5C0600410279 /* Preview Content */ = {
			isa = PBXGroup;
			children = (
				19E9508E2C1B5C0600410279 /* Preview Assets.xcassets */,
			);
			path = "Preview Content";
			sourceTree = "<group>";
		};
		19E950972C1B5C0700410279 /* SugarTests */ = {
			isa = PBXGroup;
			children = (
				19E950982C1B5C0700410279 /* DessertsUnitTest.swift */,
				19E950E22C1BAA4000410279 /* FavoriteUnitTest.swift */,
				19E950DF2C1BA9C700410279 /* desserts_invalid_response.json */,
				19E950E02C1BA9F400410279 /* desserts_valid_response.json */,
				19E950DB2C1BA51500410279 /* JSONMapper.swift */,
			);
			path = SugarTests;
			sourceTree = "<group>";
		};
		19E950A12C1B5C0700410279 /* SugarUITests */ = {
			isa = PBXGroup;
			children = (
				19E950A22C1B5C0700410279 /* SugarUITests.swift */,
			);
			path = SugarUITests;
			sourceTree = "<group>";
		};
		19E950B12C1B5C5400410279 /* Model */ = {
			isa = PBXGroup;
			children = (
				19E950B22C1B5C6200410279 /* Dessert.swift */,
				19E950B42C1B5CAE00410279 /* Meal.swift */,
			);
			path = Model;
			sourceTree = "<group>";
		};
		19E950B62C1B5D7200410279 /* ViewModel */ = {
			isa = PBXGroup;
			children = (
				19E950B92C1B5D8A00410279 /* Networking */,
				19E950BC2C1B605A00410279 /* DessertsViewModel.swift */,
				19E950CE2C1B9C9600410279 /* FavoriteViewModel.swift */,
				19E950C12C1B61FA00410279 /* MealViewModel.swift */,
			);
			path = ViewModel;
			sourceTree = "<group>";
		};
		19E950B92C1B5D8A00410279 /* Networking */ = {
			isa = PBXGroup;
			children = (
				19E950B72C1B5D8600410279 /* APIService.swift */,
				19E950BA2C1B602600410279 /* APIError.swift */,
			);
			path = Networking;
			sourceTree = "<group>";
		};
		19E950BE2C1B613D00410279 /* Utilities */ = {
			isa = PBXGroup;
			children = (
				19E950BF2C1B615300410279 /* Contants.swift */,
			);
			path = Utilities;
			sourceTree = "<group>";
		};
		19E950C32C1B69B400410279 /* Views */ = {
			isa = PBXGroup;
			children = (
				19E950C72C1B6D0800410279 /* Screens */,
				19E950C62C1B6CF500410279 /* CustomViews */,
			);
			path = Views;
			sourceTree = "<group>";
		};
		19E950C62C1B6CF500410279 /* CustomViews */ = {
			isa = PBXGroup;
			children = (
				19E950C42C1B69E400410279 /* ListCellView.swift */,
				19E950D22C1B9D0C00410279 /* InstructionsView.swift */,
				19E950D42C1B9D2C00410279 /* IngredientsView.swift */,
				19E950D62C1B9D5400410279 /* BodyTextView.swift */,
				19E950C82C1B6D2900410279 /* HeaderTextView.swift */,
			);
			path = CustomViews;
			sourceTree = "<group>";
		};
		19E950C72C1B6D0800410279 /* Screens */ = {
			isa = PBXGroup;
			children = (
				19E950D82C1B9D9A00410279 /* LaunchView.swift */,
				19E950CA2C1B9C4F00410279 /* TabViews.swift */,
				19E950892C1B5C0400410279 /* DessertsListView.swift */,
				19E950D02C1B9CDA00410279 /* DetailedItemView.swift */,
				19E950CC2C1B9C7700410279 /* FavoriteView.swift */,
			);
			path = Screens;
			sourceTree = "<group>";
		};
/* End PBXGroup section */

/* Begin PBXNativeTarget section */
		19E950832C1B5C0400410279 /* Sugar */ = {
			isa = PBXNativeTarget;
			buildConfigurationList = 19E950A82C1B5C0700410279 /* Build configuration list for PBXNativeTarget "Sugar" */;
			buildPhases = (
				19E950802C1B5C0400410279 /* Sources */,
				19E950812C1B5C0400410279 /* Frameworks */,
				19E950822C1B5C0400410279 /* Resources */,
			);
			buildRules = (
			);
			dependencies = (
			);
			name = Sugar;
			productName = Sugar;
			productReference = 19E950842C1B5C0400410279 /* Sugar.app */;
			productType = "com.apple.product-type.application";
		};
		19E950932C1B5C0700410279 /* SugarTests */ = {
			isa = PBXNativeTarget;
			buildConfigurationList = 19E950AB2C1B5C0700410279 /* Build configuration list for PBXNativeTarget "SugarTests" */;
			buildPhases = (
				19E950902C1B5C0700410279 /* Sources */,
				19E950912C1B5C0700410279 /* Frameworks */,
				19E950922C1B5C0700410279 /* Resources */,
			);
			buildRules = (
			);
			dependencies = (
				19E950962C1B5C0700410279 /* PBXTargetDependency */,
			);
			name = SugarTests;
			productName = SugarTests;
			productReference = 19E950942C1B5C0700410279 /* SugarTests.xctest */;
			productType = "com.apple.product-type.bundle.unit-test";
		};
		19E9509D2C1B5C0700410279 /* SugarUITests */ = {
			isa = PBXNativeTarget;
			buildConfigurationList = 19E950AE2C1B5C0700410279 /* Build configuration list for PBXNativeTarget "SugarUITests" */;
			buildPhases = (
				19E9509A2C1B5C0700410279 /* Sources */,
				19E9509B2C1B5C0700410279 /* Frameworks */,
				19E9509C2C1B5C0700410279 /* Resources */,
			);
			buildRules = (
			);
			dependencies = (
				19E950A02C1B5C0700410279 /* PBXTargetDependency */,
			);
			name = SugarUITests;
			productName = SugarUITests;
			productReference = 19E9509E2C1B5C0700410279 /* SugarUITests.xctest */;
			productType = "com.apple.product-type.bundle.ui-testing";
		};
/* End PBXNativeTarget section */

/* Begin PBXProject section */
		19E9507C2C1B5C0400410279 /* Project object */ = {
			isa = PBXProject;
			attributes = {
				BuildIndependentTargetsInParallel = 1;
				LastSwiftUpdateCheck = 1430;
				LastUpgradeCheck = 1430;
				TargetAttributes = {
					19E950832C1B5C0400410279 = {
						CreatedOnToolsVersion = 14.3;
					};
					19E950932C1B5C0700410279 = {
						CreatedOnToolsVersion = 14.3;
						TestTargetID = 19E950832C1B5C0400410279;
					};
					19E9509D2C1B5C0700410279 = {
						CreatedOnToolsVersion = 14.3;
						TestTargetID = 19E950832C1B5C0400410279;
					};
				};
			};
			buildConfigurationList = 19E9507F2C1B5C0400410279 /* Build configuration list for PBXProject "Sugar" */;
			compatibilityVersion = "Xcode 14.0";
			developmentRegion = en;
			hasScannedForEncodings = 0;
			knownRegions = (
				en,
				Base,
			);
			mainGroup = 19E9507B2C1B5C0400410279;
			productRefGroup = 19E950852C1B5C0400410279 /* Products */;
			projectDirPath = "";
			projectRoot = "";
			targets = (
				19E950832C1B5C0400410279 /* Sugar */,
				19E950932C1B5C0700410279 /* SugarTests */,
				19E9509D2C1B5C0700410279 /* SugarUITests */,
			);
		};
/* End PBXProject section */

/* Begin PBXResourcesBuildPhase section */
		19E950822C1B5C0400410279 /* Resources */ = {
			isa = PBXResourcesBuildPhase;
			buildActionMask = 2147483647;
			files = (
				19E9508F2C1B5C0600410279 /* Preview Assets.xcassets in Resources */,
				19E950E82C1BAB7200410279 /* desserts_invalid_response.json in Resources */,
				19E950E92C1BAB7500410279 /* desserts_valid_response.json in Resources */,
				19E9508C2C1B5C0600410279 /* Assets.xcassets in Resources */,
			);
			runOnlyForDeploymentPostprocessing = 0;
		};
		19E950922C1B5C0700410279 /* Resources */ = {
			isa = PBXResourcesBuildPhase;
			buildActionMask = 2147483647;
			files = (
				19E950E72C1BAB5D00410279 /* desserts_valid_response.json in Resources */,
				19E950E62C1BAB5900410279 /* desserts_invalid_response.json in Resources */,
			);
			runOnlyForDeploymentPostprocessing = 0;
		};
		19E9509C2C1B5C0700410279 /* Resources */ = {
			isa = PBXResourcesBuildPhase;
			buildActionMask = 2147483647;
			files = (
			);
			runOnlyForDeploymentPostprocessing = 0;
		};
/* End PBXResourcesBuildPhase section */

/* Begin PBXSourcesBuildPhase section */
		19E950802C1B5C0400410279 /* Sources */ = {
			isa = PBXSourcesBuildPhase;
			buildActionMask = 2147483647;
			files = (
				19E950B52C1B5CAE00410279 /* Meal.swift in Sources */,
				19E950D32C1B9D0C00410279 /* InstructionsView.swift in Sources */,
				19E950B82C1B5D8600410279 /* APIService.swift in Sources */,
				19E950CB2C1B9C4F00410279 /* TabViews.swift in Sources */,
				19E950D52C1B9D2C00410279 /* IngredientsView.swift in Sources */,
				19E9508A2C1B5C0400410279 /* DessertsListView.swift in Sources */,
				19E950C02C1B615300410279 /* Contants.swift in Sources */,
				19E950D92C1B9D9A00410279 /* LaunchView.swift in Sources */,
				19E950C52C1B69E400410279 /* ListCellView.swift in Sources */,
				19E950CF2C1B9C9600410279 /* FavoriteViewModel.swift in Sources */,
				19E950B32C1B5C6200410279 /* Dessert.swift in Sources */,
				19E950D12C1B9CDA00410279 /* DetailedItemView.swift in Sources */,
				19E950D72C1B9D5400410279 /* BodyTextView.swift in Sources */,
				19E950C22C1B61FA00410279 /* MealViewModel.swift in Sources */,
				19E950CD2C1B9C7700410279 /* FavoriteView.swift in Sources */,
				19E950BD2C1B605A00410279 /* DessertsViewModel.swift in Sources */,
				19E950882C1B5C0400410279 /* SugarApp.swift in Sources */,
				19E950C92C1B6D2900410279 /* HeaderTextView.swift in Sources */,
				19E950BB2C1B602600410279 /* APIError.swift in Sources */,
			);
			runOnlyForDeploymentPostprocessing = 0;
		};
		19E950902C1B5C0700410279 /* Sources */ = {
			isa = PBXSourcesBuildPhase;
			buildActionMask = 2147483647;
			files = (
				19E950E32C1BAA4000410279 /* FavoriteUnitTest.swift in Sources */,
				19E950DC2C1BA51500410279 /* JSONMapper.swift in Sources */,
				19E950DE2C1BA5A100410279 /* APIError.swift in Sources */,
				19E950992C1B5C0700410279 /* DessertsUnitTest.swift in Sources */,
			);
			runOnlyForDeploymentPostprocessing = 0;
		};
		19E9509A2C1B5C0700410279 /* Sources */ = {
			isa = PBXSourcesBuildPhase;
			buildActionMask = 2147483647;
			files = (
				19E950A32C1B5C0700410279 /* SugarUITests.swift in Sources */,
			);
			runOnlyForDeploymentPostprocessing = 0;
		};
/* End PBXSourcesBuildPhase section */

/* Begin PBXTargetDependency section */
		19E950962C1B5C0700410279 /* PBXTargetDependency */ = {
			isa = PBXTargetDependency;
			target = 19E950832C1B5C0400410279 /* Sugar */;
			targetProxy = 19E950952C1B5C0700410279 /* PBXContainerItemProxy */;
		};
		19E950A02C1B5C0700410279 /* PBXTargetDependency */ = {
			isa = PBXTargetDependency;
			target = 19E950832C1B5C0400410279 /* Sugar */;
			targetProxy = 19E9509F2C1B5C0700410279 /* PBXContainerItemProxy */;
		};
/* End PBXTargetDependency section */

/* Begin XCBuildConfiguration section */
		19E950A62C1B5C0700410279 /* Debug */ = {
			isa = XCBuildConfiguration;
			buildSettings = {
				ALWAYS_SEARCH_USER_PATHS = NO;
				CLANG_ANALYZER_NONNULL = YES;
				CLANG_ANALYZER_NUMBER_OBJECT_CONVERSION = YES_AGGRESSIVE;
				CLANG_CXX_LANGUAGE_STANDARD = "gnu++20";
				CLANG_ENABLE_MODULES = YES;
				CLANG_ENABLE_OBJC_ARC = YES;
				CLANG_ENABLE_OBJC_WEAK = YES;
				CLANG_WARN_BLOCK_CAPTURE_AUTORELEASING = YES;
				CLANG_WARN_BOOL_CONVERSION = YES;
				CLANG_WARN_COMMA = YES;
				CLANG_WARN_CONSTANT_CONVERSION = YES;
				CLANG_WARN_DEPRECATED_OBJC_IMPLEMENTATIONS = YES;
				CLANG_WARN_DIRECT_OBJC_ISA_USAGE = YES_ERROR;
				CLANG_WARN_DOCUMENTATION_COMMENTS = YES;
				CLANG_WARN_EMPTY_BODY = YES;
				CLANG_WARN_ENUM_CONVERSION = YES;
				CLANG_WARN_INFINITE_RECURSION = YES;
				CLANG_WARN_INT_CONVERSION = YES;
				CLANG_WARN_NON_LITERAL_NULL_CONVERSION = YES;
				CLANG_WARN_OBJC_IMPLICIT_RETAIN_SELF = YES;
				CLANG_WARN_OBJC_LITERAL_CONVERSION = YES;
				CLANG_WARN_OBJC_ROOT_CLASS = YES_ERROR;
				CLANG_WARN_QUOTED_INCLUDE_IN_FRAMEWORK_HEADER = YES;
				CLANG_WARN_RANGE_LOOP_ANALYSIS = YES;
				CLANG_WARN_STRICT_PROTOTYPES = YES;
				CLANG_WARN_SUSPICIOUS_MOVE = YES;
				CLANG_WARN_UNGUARDED_AVAILABILITY = YES_AGGRESSIVE;
				CLANG_WARN_UNREACHABLE_CODE = YES;
				CLANG_WARN__DUPLICATE_METHOD_MATCH = YES;
				COPY_PHASE_STRIP = NO;
				DEBUG_INFORMATION_FORMAT = dwarf;
				ENABLE_STRICT_OBJC_MSGSEND = YES;
				ENABLE_TESTABILITY = YES;
				GCC_C_LANGUAGE_STANDARD = gnu11;
				GCC_DYNAMIC_NO_PIC = NO;
				GCC_NO_COMMON_BLOCKS = YES;
				GCC_OPTIMIZATION_LEVEL = 0;
				GCC_PREPROCESSOR_DEFINITIONS = (
					"DEBUG=1",
					"$(inherited)",
				);
				GCC_WARN_64_TO_32_BIT_CONVERSION = YES;
				GCC_WARN_ABOUT_RETURN_TYPE = YES_ERROR;
				GCC_WARN_UNDECLARED_SELECTOR = YES;
				GCC_WARN_UNINITIALIZED_AUTOS = YES_AGGRESSIVE;
				GCC_WARN_UNUSED_FUNCTION = YES;
				GCC_WARN_UNUSED_VARIABLE = YES;
				IPHONEOS_DEPLOYMENT_TARGET = 16.4;
				MTL_ENABLE_DEBUG_INFO = INCLUDE_SOURCE;
				MTL_FAST_MATH = YES;
				ONLY_ACTIVE_ARCH = YES;
				SDKROOT = iphoneos;
				SWIFT_ACTIVE_COMPILATION_CONDITIONS = DEBUG;
				SWIFT_OPTIMIZATION_LEVEL = "-Onone";
			};
			name = Debug;
		};
		19E950A72C1B5C0700410279 /* Release */ = {
			isa = XCBuildConfiguration;
			buildSettings = {
				ALWAYS_SEARCH_USER_PATHS = NO;
				CLANG_ANALYZER_NONNULL = YES;
				CLANG_ANALYZER_NUMBER_OBJECT_CONVERSION = YES_AGGRESSIVE;
				CLANG_CXX_LANGUAGE_STANDARD = "gnu++20";
				CLANG_ENABLE_MODULES = YES;
				CLANG_ENABLE_OBJC_ARC = YES;
				CLANG_ENABLE_OBJC_WEAK = YES;
				CLANG_WARN_BLOCK_CAPTURE_AUTORELEASING = YES;
				CLANG_WARN_BOOL_CONVERSION = YES;
				CLANG_WARN_COMMA = YES;
				CLANG_WARN_CONSTANT_CONVERSION = YES;
				CLANG_WARN_DEPRECATED_OBJC_IMPLEMENTATIONS = YES;
				CLANG_WARN_DIRECT_OBJC_ISA_USAGE = YES_ERROR;
				CLANG_WARN_DOCUMENTATION_COMMENTS = YES;
				CLANG_WARN_EMPTY_BODY = YES;
				CLANG_WARN_ENUM_CONVERSION = YES;
				CLANG_WARN_INFINITE_RECURSION = YES;
				CLANG_WARN_INT_CONVERSION = YES;
				CLANG_WARN_NON_LITERAL_NULL_CONVERSION = YES;
				CLANG_WARN_OBJC_IMPLICIT_RETAIN_SELF = YES;
				CLANG_WARN_OBJC_LITERAL_CONVERSION = YES;
				CLANG_WARN_OBJC_ROOT_CLASS = YES_ERROR;
				CLANG_WARN_QUOTED_INCLUDE_IN_FRAMEWORK_HEADER = YES;
				CLANG_WARN_RANGE_LOOP_ANALYSIS = YES;
				CLANG_WARN_STRICT_PROTOTYPES = YES;
				CLANG_WARN_SUSPICIOUS_MOVE = YES;
				CLANG_WARN_UNGUARDED_AVAILABILITY = YES_AGGRESSIVE;
				CLANG_WARN_UNREACHABLE_CODE = YES;
				CLANG_WARN__DUPLICATE_METHOD_MATCH = YES;
				COPY_PHASE_STRIP = NO;
				DEBUG_INFORMATION_FORMAT = "dwarf-with-dsym";
				ENABLE_NS_ASSERTIONS = NO;
				ENABLE_STRICT_OBJC_MSGSEND = YES;
				GCC_C_LANGUAGE_STANDARD = gnu11;
				GCC_NO_COMMON_BLOCKS = YES;
				GCC_WARN_64_TO_32_BIT_CONVERSION = YES;
				GCC_WARN_ABOUT_RETURN_TYPE = YES_ERROR;
				GCC_WARN_UNDECLARED_SELECTOR = YES;
				GCC_WARN_UNINITIALIZED_AUTOS = YES_AGGRESSIVE;
				GCC_WARN_UNUSED_FUNCTION = YES;
				GCC_WARN_UNUSED_VARIABLE = YES;
				IPHONEOS_DEPLOYMENT_TARGET = 16.4;
				MTL_ENABLE_DEBUG_INFO = NO;
				MTL_FAST_MATH = YES;
				SDKROOT = iphoneos;
				SWIFT_COMPILATION_MODE = wholemodule;
				SWIFT_OPTIMIZATION_LEVEL = "-O";
				VALIDATE_PRODUCT = YES;
			};
			name = Release;
		};
		19E950A92C1B5C0700410279 /* Debug */ = {
			isa = XCBuildConfiguration;
			buildSettings = {
				ASSETCATALOG_COMPILER_APPICON_NAME = AppIcon;
				ASSETCATALOG_COMPILER_GLOBAL_ACCENT_COLOR_NAME = AccentColor;
				CODE_SIGN_STYLE = Automatic;
				CURRENT_PROJECT_VERSION = 1;
				DEVELOPMENT_ASSET_PATHS = "\"Sugar/Preview Content\"";
				DEVELOPMENT_TEAM = QQ68G99VDN;
				ENABLE_PREVIEWS = YES;
				GENERATE_INFOPLIST_FILE = YES;
				INFOPLIST_KEY_UIApplicationSceneManifest_Generation = YES;
				INFOPLIST_KEY_UIApplicationSupportsIndirectInputEvents = YES;
				INFOPLIST_KEY_UILaunchScreen_Generation = YES;
				INFOPLIST_KEY_UISupportedInterfaceOrientations_iPad = "UIInterfaceOrientationPortrait UIInterfaceOrientationPortraitUpsideDown UIInterfaceOrientationLandscapeLeft UIInterfaceOrientationLandscapeRight";
				INFOPLIST_KEY_UISupportedInterfaceOrientations_iPhone = "UIInterfaceOrientationPortrait UIInterfaceOrientationLandscapeLeft UIInterfaceOrientationLandscapeRight";
				LD_RUNPATH_SEARCH_PATHS = (
					"$(inherited)",
					"@executable_path/Frameworks",
				);
				MARKETING_VERSION = 1.0;
				PRODUCT_BUNDLE_IDENTIFIER = co.mj.Sugar;
				PRODUCT_NAME = "$(TARGET_NAME)";
				SWIFT_EMIT_LOC_STRINGS = YES;
				SWIFT_VERSION = 5.0;
				TARGETED_DEVICE_FAMILY = "1,2";
			};
			name = Debug;
		};
		19E950AA2C1B5C0700410279 /* Release */ = {
			isa = XCBuildConfiguration;
			buildSettings = {
				ASSETCATALOG_COMPILER_APPICON_NAME = AppIcon;
				ASSETCATALOG_COMPILER_GLOBAL_ACCENT_COLOR_NAME = AccentColor;
				CODE_SIGN_STYLE = Automatic;
				CURRENT_PROJECT_VERSION = 1;
				DEVELOPMENT_ASSET_PATHS = "\"Sugar/Preview Content\"";
				DEVELOPMENT_TEAM = QQ68G99VDN;
				ENABLE_PREVIEWS = YES;
				GENERATE_INFOPLIST_FILE = YES;
				INFOPLIST_KEY_UIApplicationSceneManifest_Generation = YES;
				INFOPLIST_KEY_UIApplicationSupportsIndirectInputEvents = YES;
				INFOPLIST_KEY_UILaunchScreen_Generation = YES;
				INFOPLIST_KEY_UISupportedInterfaceOrientations_iPad = "UIInterfaceOrientationPortrait UIInterfaceOrientationPortraitUpsideDown UIInterfaceOrientationLandscapeLeft UIInterfaceOrientationLandscapeRight";
				INFOPLIST_KEY_UISupportedInterfaceOrientations_iPhone = "UIInterfaceOrientationPortrait UIInterfaceOrientationLandscapeLeft UIInterfaceOrientationLandscapeRight";
				LD_RUNPATH_SEARCH_PATHS = (
					"$(inherited)",
					"@executable_path/Frameworks",
				);
				MARKETING_VERSION = 1.0;
				PRODUCT_BUNDLE_IDENTIFIER = co.mj.Sugar;
				PRODUCT_NAME = "$(TARGET_NAME)";
				SWIFT_EMIT_LOC_STRINGS = YES;
				SWIFT_VERSION = 5.0;
				TARGETED_DEVICE_FAMILY = "1,2";
			};
			name = Release;
		};
		19E950AC2C1B5C0700410279 /* Debug */ = {
			isa = XCBuildConfiguration;
			buildSettings = {
				ALWAYS_EMBED_SWIFT_STANDARD_LIBRARIES = YES;
				BUNDLE_LOADER = "$(TEST_HOST)";
				CODE_SIGN_STYLE = Automatic;
				CURRENT_PROJECT_VERSION = 1;
				DEVELOPMENT_TEAM = QQ68G99VDN;
				GENERATE_INFOPLIST_FILE = YES;
				IPHONEOS_DEPLOYMENT_TARGET = 16.4;
				MARKETING_VERSION = 1.0;
				PRODUCT_BUNDLE_IDENTIFIER = co.mj.SugarTests;
				PRODUCT_NAME = "$(TARGET_NAME)";
				SWIFT_EMIT_LOC_STRINGS = NO;
				SWIFT_VERSION = 5.0;
				TARGETED_DEVICE_FAMILY = "1,2";
				TEST_HOST = "$(BUILT_PRODUCTS_DIR)/Sugar.app/$(BUNDLE_EXECUTABLE_FOLDER_PATH)/Sugar";
			};
			name = Debug;
		};
		19E950AD2C1B5C0700410279 /* Release */ = {
			isa = XCBuildConfiguration;
			buildSettings = {
				ALWAYS_EMBED_SWIFT_STANDARD_LIBRARIES = YES;
				BUNDLE_LOADER = "$(TEST_HOST)";
				CODE_SIGN_STYLE = Automatic;
				CURRENT_PROJECT_VERSION = 1;
				DEVELOPMENT_TEAM = QQ68G99VDN;
				GENERATE_INFOPLIST_FILE = YES;
				IPHONEOS_DEPLOYMENT_TARGET = 16.4;
				MARKETING_VERSION = 1.0;
				PRODUCT_BUNDLE_IDENTIFIER = co.mj.SugarTests;
				PRODUCT_NAME = "$(TARGET_NAME)";
				SWIFT_EMIT_LOC_STRINGS = NO;
				SWIFT_VERSION = 5.0;
				TARGETED_DEVICE_FAMILY = "1,2";
				TEST_HOST = "$(BUILT_PRODUCTS_DIR)/Sugar.app/$(BUNDLE_EXECUTABLE_FOLDER_PATH)/Sugar";
			};
			name = Release;
		};
		19E950AF2C1B5C0700410279 /* Debug */ = {
			isa = XCBuildConfiguration;
			buildSettings = {
				ALWAYS_EMBED_SWIFT_STANDARD_LIBRARIES = YES;
				CODE_SIGN_STYLE = Automatic;
				CURRENT_PROJECT_VERSION = 1;
				DEVELOPMENT_TEAM = QQ68G99VDN;
				GENERATE_INFOPLIST_FILE = YES;
				MARKETING_VERSION = 1.0;
				PRODUCT_BUNDLE_IDENTIFIER = co.mj.SugarUITests;
				PRODUCT_NAME = "$(TARGET_NAME)";
				SWIFT_EMIT_LOC_STRINGS = NO;
				SWIFT_VERSION = 5.0;
				TARGETED_DEVICE_FAMILY = "1,2";
				TEST_TARGET_NAME = Sugar;
			};
			name = Debug;
		};
		19E950B02C1B5C0700410279 /* Release */ = {
			isa = XCBuildConfiguration;
			buildSettings = {
				ALWAYS_EMBED_SWIFT_STANDARD_LIBRARIES = YES;
				CODE_SIGN_STYLE = Automatic;
				CURRENT_PROJECT_VERSION = 1;
				DEVELOPMENT_TEAM = QQ68G99VDN;
				GENERATE_INFOPLIST_FILE = YES;
				MARKETING_VERSION = 1.0;
				PRODUCT_BUNDLE_IDENTIFIER = co.mj.SugarUITests;
				PRODUCT_NAME = "$(TARGET_NAME)";
				SWIFT_EMIT_LOC_STRINGS = NO;
				SWIFT_VERSION = 5.0;
				TARGETED_DEVICE_FAMILY = "1,2";
				TEST_TARGET_NAME = Sugar;
			};
			name = Release;
		};
/* End XCBuildConfiguration section */

/* Begin XCConfigurationList section */
		19E9507F2C1B5C0400410279 /* Build configuration list for PBXProject "Sugar" */ = {
			isa = XCConfigurationList;
			buildConfigurations = (
				19E950A62C1B5C0700410279 /* Debug */,
				19E950A72C1B5C0700410279 /* Release */,
			);
			defaultConfigurationIsVisible = 0;
			defaultConfigurationName = Release;
		};
		19E950A82C1B5C0700410279 /* Build configuration list for PBXNativeTarget "Sugar" */ = {
			isa = XCConfigurationList;
			buildConfigurations = (
				19E950A92C1B5C0700410279 /* Debug */,
				19E950AA2C1B5C0700410279 /* Release */,
			);
			defaultConfigurationIsVisible = 0;
			defaultConfigurationName = Release;
		};
		19E950AB2C1B5C0700410279 /* Build configuration list for PBXNativeTarget "SugarTests" */ = {
			isa = XCConfigurationList;
			buildConfigurations = (
				19E950AC2C1B5C0700410279 /* Debug */,
				19E950AD2C1B5C0700410279 /* Release */,
			);
			defaultConfigurationIsVisible = 0;
			defaultConfigurationName = Release;
		};
		19E950AE2C1B5C0700410279 /* Build configuration list for PBXNativeTarget "SugarUITests" */ = {
			isa = XCConfigurationList;
			buildConfigurations = (
				19E950AF2C1B5C0700410279 /* Debug */,
				19E950B02C1B5C0700410279 /* Release */,
			);
			defaultConfigurationIsVisible = 0;
			defaultConfigurationName = Release;
		};
/* End XCConfigurationList section */
	};
	rootObject = 19E9507C2C1B5C0400410279 /* Project object */;
}
